
Microsoft Visual Studio Solution File, Format Version 12.00
# Visual Studio Version 17
VisualStudioVersion = 17.11.35017.193
MinimumVisualStudioVersion = 10.0.40219.1
Project("{9A19103F-16F7-4668-BE54-9A1E7A4F7556}") = "KupujemProdajemWebApp", "KupujemProdajemWebApp\KupujemProdajemWebApp.csproj", "{04653A70-8AE1-4E2B-A82B-A0FE7F883E69}"
EndProject
Project("{2150E333-8FDC-42A3-9474-1A3956D46DE8}") = "Solution Items", "Solution Items", "{FCBD8E9A-AF44-41ED-B880-3616D4C8B697}"
	ProjectSection(SolutionItems) = preProject
		frontend\src\pages\AdDetailPage.js = frontend\src\pages\AdDetailPage.js
		frontend\src\services\AdDetailService.js = frontend\src\services\AdDetailService.js
		frontend\src\pages\AdvertisementPage.js = frontend\src\pages\AdvertisementPage.js
		frontend\src\services\AdvertisementService.js = frontend\src\services\AdvertisementService.js
		frontend\src\App.js = frontend\src\App.js
		frontend\src\index.css = frontend\src\index.css
		frontend\src\Components\Navbar.js = frontend\src\Components\Navbar.js
		frontend\package.json = frontend\package.json
		frontend\tailwind.config.js = frontend\tailwind.config.js
		frontend\src\pages\WelcomePage.js = frontend\src\pages\WelcomePage.js
	EndProjectSection
EndProject
Global
	GlobalSection(SolutionConfigurationPlatforms) = preSolution
		Debug|Any CPU = Debug|Any CPU
		Release|Any CPU = Release|Any CPU
	EndGlobalSection
	GlobalSection(ProjectConfigurationPlatforms) = postSolution
		{04653A70-8AE1-4E2B-A82B-A0FE7F883E69}.Debug|Any CPU.ActiveCfg = Debug|Any CPU
		{04653A70-8AE1-4E2B-A82B-A0FE7F883E69}.Debug|Any CPU.Build.0 = Debug|Any CPU
		{04653A70-8AE1-4E2B-A82B-A0FE7F883E69}.Release|Any CPU.ActiveCfg = Release|Any CPU
		{04653A70-8AE1-4E2B-A82B-A0FE7F883E69}.Release|Any CPU.Build.0 = Release|Any CPU
	EndGlobalSection
	GlobalSection(SolutionProperties) = preSolution
		HideSolutionNode = FALSE
	EndGlobalSection
	GlobalSection(ExtensibilityGlobals) = postSolution
		SolutionGuid = {2C4842A1-EF5A-4C89-A55B-4B2716C812AE}
	EndGlobalSection
EndGlobal
